
Microsoft Visual Studio Solution File, Format Version 12.00
# Visual Studio Version 16
VisualStudioVersion = 16.0.30717.126
MinimumVisualStudioVersion = 10.0.40219.1
Project("{FAE04EC0-301F-11D3-BF4B-00C04F79EFBC}") = "OOP", "OOP\OOP.csproj", "{C635E072-CFC6-486F-A846-DBC2827228E3}"
EndProject
Project("{FAE04EC0-301F-11D3-BF4B-00C04F79EFBC}") = "Inheritance", "Inheritance\Inheritance.csproj", "{0ABC92D3-7E82-44DD-B3ED-3675AE0D375B}"
EndProject
Global
	GlobalSection(SolutionConfigurationPlatforms) = preSolution
		Debug|Any CPU = Debug|Any CPU
		Release|Any CPU = Release|Any CPU
	EndGlobalSection
	GlobalSection(ProjectConfigurationPlatforms) = postSolution
		{C635E072-CFC6-486F-A846-DBC2827228E3}.Debug|Any CPU.ActiveCfg = Debug|Any CPU
		{C635E072-CFC6-486F-A846-DBC2827228E3}.Debug|Any CPU.Build.0 = Debug|Any CPU
		{C635E072-CFC6-486F-A846-DBC2827228E3}.Release|Any CPU.ActiveCfg = Release|Any CPU
		{C635E072-CFC6-486F-A846-DBC2827228E3}.Release|Any CPU.Build.0 = Release|Any CPU
		{0ABC92D3-7E82-44DD-B3ED-3675AE0D375B}.Debug|Any CPU.ActiveCfg = Debug|Any CPU
		{0ABC92D3-7E82-44DD-B3ED-3675AE0D375B}.Debug|Any CPU.Build.0 = Debug|Any CPU
		{0ABC92D3-7E82-44DD-B3ED-3675AE0D375B}.Release|Any CPU.ActiveCfg = Release|Any CPU
		{0ABC92D3-7E82-44DD-B3ED-3675AE0D375B}.Release|Any CPU.Build.0 = Release|Any CPU
	EndGlobalSection
	GlobalSection(SolutionProperties) = preSolution
		HideSolutionNode = FALSE
	EndGlobalSection
	GlobalSection(ExtensibilityGlobals) = postSolution
		SolutionGuid = {0F6E7E64-958B-45B5-B97A-0AB023AD1FD0}
	EndGlobalSection
EndGlobal
